// !$*UTF8*$!
{
	archiveVersion = 1;
	classes = {
	};
	objectVersion = 56;
	objects = {

/* Begin PBXBuildFile section */
		A10000000000000000000001 /* KyohoranguageHostApp.swift in Sources */ = {isa = PBXBuildFile; fileRef = A20000000000000000000001 /* KyohoranguageHostApp.swift */; };
		A10000000000000000000002 /* ContentView.swift in Sources */ = {isa = PBXBuildFile; fileRef = A20000000000000000000002 /* ContentView.swift */; };
		A10000000000000000000003 /* Assets.xcassets in Resources */ = {isa = PBXBuildFile; fileRef = A20000000000000000000003 /* Assets.xcassets */; };
		A10000000000000000000004 /* AppGroupConstants.swift in Sources */ = {isa = PBXBuildFile; fileRef = A20000000000000000000010 /* AppGroupConstants.swift */; };
		A10000000000000000000005 /* DictionaryEntry.swift in Sources */ = {isa = PBXBuildFile; fileRef = A20000000000000000000011 /* DictionaryEntry.swift */; };
		A10000000000000000000006 /* DictionaryStore.swift in Sources */ = {isa = PBXBuildFile; fileRef = A20000000000000000000012 /* DictionaryStore.swift */; };
		A10000000000000000000007 /* KeyboardViewController.swift in Sources */ = {isa = PBXBuildFile; fileRef = A20000000000000000000020 /* KeyboardViewController.swift */; };
		A10000000000000000000008 /* AppGroupConstants.swift in Sources */ = {isa = PBXBuildFile; fileRef = A20000000000000000000010 /* AppGroupConstants.swift */; };
		A10000000000000000000009 /* DictionaryEntry.swift in Sources */ = {isa = PBXBuildFile; fileRef = A20000000000000000000011 /* DictionaryEntry.swift */; };
		A1000000000000000000000A /* DictionaryStore.swift in Sources */ = {isa = PBXBuildFile; fileRef = A20000000000000000000012 /* DictionaryStore.swift */; };
		A1000000000000000000000B /* KyohoranguageKeyboardExt.appex in Embed Foundation Extensions */ = {isa = PBXBuildFile; fileRef = A30000000000000000000002 /* KyohoranguageKeyboardExt.appex */; settings = {ATTRIBUTES = (RemoveHeadersOnCopy, ); }; };
		A1000000000000000000000C /* CorrectionEngine.swift in Sources */ = {isa = PBXBuildFile; fileRef = A20000000000000000000013 /* CorrectionEngine.swift */; };
		A1000000000000000000000D /* CorrectionEngine.swift in Sources */ = {isa = PBXBuildFile; fileRef = A20000000000000000000013 /* CorrectionEngine.swift */; };
		A1000000000000000000000E /* DictionaryViewModel.swift in Sources */ = {isa = PBXBuildFile; fileRef = A20000000000000000000030 /* DictionaryViewModel.swift */; };
		A1000000000000000000000F /* DictionaryEditView.swift in Sources */ = {isa = PBXBuildFile; fileRef = A20000000000000000000031 /* DictionaryEditView.swift */; };
		A10000000000000000000011 /* DictionaryListView.swift in Sources */ = {isa = PBXBuildFile; fileRef = A20000000000000000000032 /* DictionaryListView.swift */; };
		A10000000000000000000012 /* SetupGuideView.swift in Sources */ = {isa = PBXBuildFile; fileRef = A20000000000000000000033 /* SetupGuideView.swift */; };
/* End PBXBuildFile section */

/* Begin PBXContainerItemProxy section */
		A40000000000000000000001 /* PBXContainerItemProxy */ = {
			isa = PBXContainerItemProxy;
			containerPortal = A50000000000000000000001 /* Project object */;
			proxyType = 1;
			remoteGlobalIDString = A60000000000000000000002;
			remoteInfo = KyohoranguageKeyboardExt;
		};
/* End PBXContainerItemProxy section */

/* Begin PBXCopyFilesBuildPhase section */
		A70000000000000000000001 /* Embed Foundation Extensions */ = {
			isa = PBXCopyFilesBuildPhase;
			buildActionMask = 2147483647;
			dstPath = "";
			dstSubfolderSpec = 13;
			files = (
				A1000000000000000000000B /* KyohoranguageKeyboardExt.appex in Embed Foundation Extensions */,
			);
			name = "Embed Foundation Extensions";
			runOnlyForDeploymentPostprocessing = 0;
		};
/* End PBXCopyFilesBuildPhase section */

/* Begin PBXFileReference section */
		A20000000000000000000001 /* KyohoranguageHostApp.swift */ = {isa = PBXFileReference; lastKnownFileType = sourcecode.swift; path = KyohoranguageHostApp.swift; sourceTree = "<group>"; };
		A20000000000000000000002 /* ContentView.swift */ = {isa = PBXFileReference; lastKnownFileType = sourcecode.swift; path = ContentView.swift; sourceTree = "<group>"; };
		A20000000000000000000003 /* Assets.xcassets */ = {isa = PBXFileReference; lastKnownFileType = folder.assetcatalog; path = Assets.xcassets; sourceTree = "<group>"; };
		A20000000000000000000004 /* Info.plist */ = {isa = PBXFileReference; lastKnownFileType = text.plist.xml; path = Info.plist; sourceTree = "<group>"; };
		A20000000000000000000005 /* KyohoranguageHost.entitlements */ = {isa = PBXFileReference; lastKnownFileType = text.plist.entitlements; path = KyohoranguageHost.entitlements; sourceTree = "<group>"; };
		A20000000000000000000010 /* AppGroupConstants.swift */ = {isa = PBXFileReference; lastKnownFileType = sourcecode.swift; path = AppGroupConstants.swift; sourceTree = "<group>"; };
		A20000000000000000000011 /* DictionaryEntry.swift */ = {isa = PBXFileReference; lastKnownFileType = sourcecode.swift; path = DictionaryEntry.swift; sourceTree = "<group>"; };
		A20000000000000000000012 /* DictionaryStore.swift */ = {isa = PBXFileReference; lastKnownFileType = sourcecode.swift; path = DictionaryStore.swift; sourceTree = "<group>"; };
		A20000000000000000000013 /* CorrectionEngine.swift */ = {isa = PBXFileReference; lastKnownFileType = sourcecode.swift; path = CorrectionEngine.swift; sourceTree = "<group>"; };
		A20000000000000000000020 /* KeyboardViewController.swift */ = {isa = PBXFileReference; lastKnownFileType = sourcecode.swift; path = KeyboardViewController.swift; sourceTree = "<group>"; };
		A20000000000000000000030 /* DictionaryViewModel.swift */ = {isa = PBXFileReference; lastKnownFileType = sourcecode.swift; path = DictionaryViewModel.swift; sourceTree = "<group>"; };
		A20000000000000000000031 /* DictionaryEditView.swift */ = {isa = PBXFileReference; lastKnownFileType = sourcecode.swift; path = DictionaryEditView.swift; sourceTree = "<group>"; };
		A20000000000000000000032 /* DictionaryListView.swift */ = {isa = PBXFileReference; lastKnownFileType = sourcecode.swift; path = DictionaryListView.swift; sourceTree = "<group>"; };
		A20000000000000000000033 /* SetupGuideView.swift */ = {isa = PBXFileReference; lastKnownFileType = sourcecode.swift; path = SetupGuideView.swift; sourceTree = "<group>"; };
		A20000000000000000000021 /* Info.plist */ = {isa = PBXFileReference; lastKnownFileType = text.plist.xml; path = Info.plist; sourceTree = "<group>"; };
		A20000000000000000000022 /* KyohoranguageKeyboardExt.entitlements */ = {isa = PBXFileReference; lastKnownFileType = text.plist.entitlements; path = KyohoranguageKeyboardExt.entitlements; sourceTree = "<group>"; };
		A30000000000000000000001 /* KyohoranguageHost.app */ = {isa = PBXFileReference; explicitFileType = wrapper.application; includeInIndex = 0; path = KyohoranguageHost.app; sourceTree = BUILT_PRODUCTS_DIR; };
		A30000000000000000000002 /* KyohoranguageKeyboardExt.appex */ = {isa = PBXFileReference; explicitFileType = "wrapper.app-extension"; includeInIndex = 0; path = KyohoranguageKeyboardExt.appex; sourceTree = BUILT_PRODUCTS_DIR; };
/* End PBXFileReference section */

/* Begin PBXFrameworksBuildPhase section */
		A80000000000000000000001 /* Frameworks */ = {
			isa = PBXFrameworksBuildPhase;
			buildActionMask = 2147483647;
			files = (
			);
			runOnlyForDeploymentPostprocessing = 0;
		};
		A80000000000000000000002 /* Frameworks */ = {
			isa = PBXFrameworksBuildPhase;
			buildActionMask = 2147483647;
			files = (
			);
			runOnlyForDeploymentPostprocessing = 0;
		};
/* End PBXFrameworksBuildPhase section */

/* Begin PBXGroup section */
		A90000000000000000000001 = {
			isa = PBXGroup;
			children = (
				A90000000000000000000002 /* KyohoranguageHost */,
				A90000000000000000000003 /* KyohoranguageKeyboardExt */,
				A90000000000000000000004 /* SharedDictionary */,
				A90000000000000000000005 /* Products */,
			);
			sourceTree = "<group>";
		};
		A90000000000000000000002 /* KyohoranguageHost */ = {
			isa = PBXGroup;
			children = (
				A20000000000000000000001 /* KyohoranguageHostApp.swift */,
				A20000000000000000000002 /* ContentView.swift */,
				A20000000000000000000030 /* DictionaryViewModel.swift */,
				A20000000000000000000032 /* DictionaryListView.swift */,
				A20000000000000000000031 /* DictionaryEditView.swift */,
				A20000000000000000000033 /* SetupGuideView.swift */,
				A20000000000000000000003 /* Assets.xcassets */,
				A20000000000000000000004 /* Info.plist */,
				A20000000000000000000005 /* KyohoranguageHost.entitlements */,
			);
			path = KyohoranguageHost;
			sourceTree = "<group>";
		};
		A90000000000000000000003 /* KyohoranguageKeyboardExt */ = {
			isa = PBXGroup;
			children = (
				A20000000000000000000020 /* KeyboardViewController.swift */,
				A20000000000000000000021 /* Info.plist */,
				A20000000000000000000022 /* KyohoranguageKeyboardExt.entitlements */,
			);
			path = KyohoranguageKeyboardExt;
			sourceTree = "<group>";
		};
		A90000000000000000000004 /* SharedDictionary */ = {
			isa = PBXGroup;
			children = (
				A20000000000000000000010 /* AppGroupConstants.swift */,
				A20000000000000000000011 /* DictionaryEntry.swift */,
				A20000000000000000000012 /* DictionaryStore.swift */,
				A20000000000000000000013 /* CorrectionEngine.swift */,
			);
			path = SharedDictionary;
			sourceTree = "<group>";
		};
		A90000000000000000000005 /* Products */ = {
			isa = PBXGroup;
			children = (
				A30000000000000000000001 /* KyohoranguageHost.app */,
				A30000000000000000000002 /* KyohoranguageKeyboardExt.appex */,
			);
			name = Products;
			sourceTree = "<group>";
		};
/* End PBXGroup section */

/* Begin PBXNativeTarget section */
		A60000000000000000000001 /* KyohoranguageHost */ = {
			isa = PBXNativeTarget;
			buildConfigurationList = AA0000000000000000000001 /* Build configuration list for PBXNativeTarget "KyohoranguageHost" */;
			buildPhases = (
				AB0000000000000000000001 /* Sources */,
				A80000000000000000000001 /* Frameworks */,
				AC0000000000000000000001 /* Resources */,
				A70000000000000000000001 /* Embed Foundation Extensions */,
			);
			buildRules = (
			);
			dependencies = (
				AD0000000000000000000001 /* PBXTargetDependency */,
			);
			name = KyohoranguageHost;
			productName = KyohoranguageHost;
			productReference = A30000000000000000000001 /* KyohoranguageHost.app */;
			productType = "com.apple.product-type.application";
		};
		A60000000000000000000002 /* KyohoranguageKeyboardExt */ = {
			isa = PBXNativeTarget;
			buildConfigurationList = AA0000000000000000000002 /* Build configuration list for PBXNativeTarget "KyohoranguageKeyboardExt" */;
			buildPhases = (
				AB0000000000000000000002 /* Sources */,
				A80000000000000000000002 /* Frameworks */,
				AC0000000000000000000002 /* Resources */,
			);
			buildRules = (
			);
			dependencies = (
			);
			name = KyohoranguageKeyboardExt;
			productName = KyohoranguageKeyboardExt;
			productReference = A30000000000000000000002 /* KyohoranguageKeyboardExt.appex */;
			productType = "com.apple.product-type.app-extension";
		};
/* End PBXNativeTarget section */

/* Begin PBXProject section */
		A50000000000000000000001 /* Project object */ = {
			isa = PBXProject;
			attributes = {
				BuildIndependentTargetsInParallel = 1;
				LastSwiftUpdateCheck = 1500;
				LastUpgradeCheck = 1500;
				TargetAttributes = {
					A60000000000000000000001 = {
						CreatedOnToolsVersion = 15.0;
					};
					A60000000000000000000002 = {
						CreatedOnToolsVersion = 15.0;
					};
				};
			};
			buildConfigurationList = AA0000000000000000000003 /* Build configuration list for PBXProject "KyohoranguageKeyboard" */;
			compatibilityVersion = "Xcode 14.0";
			developmentRegion = ja;
			hasScannedForEncodings = 0;
			knownRegions = (
				en,
				Base,
				ja,
			);
			mainGroup = A90000000000000000000001;
			productRefGroup = A90000000000000000000005 /* Products */;
			projectDirPath = "";
			projectRoot = "";
			targets = (
				A60000000000000000000001 /* KyohoranguageHost */,
				A60000000000000000000002 /* KyohoranguageKeyboardExt */,
			);
		};
/* End PBXProject section */

/* Begin PBXResourcesBuildPhase section */
		AC0000000000000000000001 /* Resources */ = {
			isa = PBXResourcesBuildPhase;
			buildActionMask = 2147483647;
			files = (
				A10000000000000000000003 /* Assets.xcassets in Resources */,
			);
			runOnlyForDeploymentPostprocessing = 0;
		};
		AC0000000000000000000002 /* Resources */ = {
			isa = PBXResourcesBuildPhase;
			buildActionMask = 2147483647;
			files = (
			);
			runOnlyForDeploymentPostprocessing = 0;
		};
/* End PBXResourcesBuildPhase section */

/* Begin PBXSourcesBuildPhase section */
		AB0000000000000000000001 /* Sources */ = {
			isa = PBXSourcesBuildPhase;
			buildActionMask = 2147483647;
			files = (
				A10000000000000000000001 /* KyohoranguageHostApp.swift in Sources */,
				A10000000000000000000002 /* ContentView.swift in Sources */,
				A1000000000000000000000E /* DictionaryViewModel.swift in Sources */,
				A10000000000000000000011 /* DictionaryListView.swift in Sources */,
				A1000000000000000000000F /* DictionaryEditView.swift in Sources */,
				A10000000000000000000012 /* SetupGuideView.swift in Sources */,
				A10000000000000000000004 /* AppGroupConstants.swift in Sources */,
				A10000000000000000000005 /* DictionaryEntry.swift in Sources */,
				A10000000000000000000006 /* DictionaryStore.swift in Sources */,
				A1000000000000000000000C /* CorrectionEngine.swift in Sources */,
			);
			runOnlyForDeploymentPostprocessing = 0;
		};
		AB0000000000000000000002 /* Sources */ = {
			isa = PBXSourcesBuildPhase;
			buildActionMask = 2147483647;
			files = (
				A10000000000000000000007 /* KeyboardViewController.swift in Sources */,
				A10000000000000000000008 /* AppGroupConstants.swift in Sources */,
				A10000000000000000000009 /* DictionaryEntry.swift in Sources */,
				A1000000000000000000000A /* DictionaryStore.swift in Sources */,
				A1000000000000000000000D /* CorrectionEngine.swift in Sources */,
			);
			runOnlyForDeploymentPostprocessing = 0;
		};
/* End PBXSourcesBuildPhase section */

/* Begin PBXTargetDependency section */
		AD0000000000000000000001 /* PBXTargetDependency */ = {
			isa = PBXTargetDependency;
			target = A60000000000000000000002 /* KyohoranguageKeyboardExt */;
			targetProxy = A40000000000000000000001 /* PBXContainerItemProxy */;
		};
/* End PBXTargetDependency section */

/* Begin XCBuildConfiguration section */
		AE0000000000000000000001 /* Debug */ = {
			isa = XCBuildConfiguration;
			buildSettings = {
				ALWAYS_SEARCH_USER_PATHS = NO;
				CLANG_ENABLE_MODULES = YES;
				CLANG_ENABLE_OBJC_ARC = YES;
				COPY_PHASE_STRIP = NO;
				DEBUG_INFORMATION_FORMAT = dwarf;
				ENABLE_TESTABILITY = YES;
				GCC_DYNAMIC_NO_PIC = NO;
				GCC_OPTIMIZATION_LEVEL = 0;
				IPHONEOS_DEPLOYMENT_TARGET = 16.0;
				ONLY_ACTIVE_ARCH = YES;
				SDKROOT = iphoneos;
				SWIFT_ACTIVE_COMPILATION_CONDITIONS = DEBUG;
				SWIFT_OPTIMIZATION_LEVEL = "-Onone";
				SWIFT_VERSION = 5.0;
			};
			name = Debug;
		};
		AE0000000000000000000002 /* Release */ = {
			isa = XCBuildConfiguration;
			buildSettings = {
				ALWAYS_SEARCH_USER_PATHS = NO;
				CLANG_ENABLE_MODULES = YES;
				CLANG_ENABLE_OBJC_ARC = YES;
				COPY_PHASE_STRIP = NO;
				DEBUG_INFORMATION_FORMAT = "dwarf-with-dsym";
				IPHONEOS_DEPLOYMENT_TARGET = 16.0;
				SDKROOT = iphoneos;
				SWIFT_COMPILATION_MODE = wholemodule;
				SWIFT_VERSION = 5.0;
				VALIDATE_PRODUCT = YES;
			};
			name = Release;
		};
		AE0000000000000000000003 /* Debug */ = {
			isa = XCBuildConfiguration;
			buildSettings = {
				ASSETCATALOG_COMPILER_APPICON_NAME = AppIcon;
				CODE_SIGN_ENTITLEMENTS = KyohoranguageHost/KyohoranguageHost.entitlements;
				CODE_SIGN_STYLE = Automatic;
				CURRENT_PROJECT_VERSION = 1;
				DEVELOPMENT_TEAM = "";
				GENERATE_INFOPLIST_FILE = NO;
				INFOPLIST_FILE = KyohoranguageHost/Info.plist;
				INFOPLIST_KEY_CFBundleDisplayName = "協豊ランゲージ";
				INFOPLIST_KEY_UIApplicationSupportsIndirectInputEvents = YES;
				LD_RUNPATH_SEARCH_PATHS = (
					"$(inherited)",
					"@executable_path/Frameworks",
				);
				MARKETING_VERSION = 1.0;
				PRODUCT_BUNDLE_IDENTIFIER = jp.kyohoranguage.app;
				PRODUCT_NAME = "$(TARGET_NAME)";
				SUPPORTED_PLATFORMS = "iphoneos iphonesimulator";
				SUPPORTS_MACCATALYST = NO;
				SWIFT_EMIT_LOC_STRINGS = YES;
				TARGETED_DEVICE_FAMILY = "1,2";
			};
			name = Debug;
		};
		AE0000000000000000000004 /* Release */ = {
			isa = XCBuildConfiguration;
			buildSettings = {
				ASSETCATALOG_COMPILER_APPICON_NAME = AppIcon;
				CODE_SIGN_ENTITLEMENTS = KyohoranguageHost/KyohoranguageHost.entitlements;
				CODE_SIGN_STYLE = Automatic;
				CURRENT_PROJECT_VERSION = 1;
				DEVELOPMENT_TEAM = "";
				GENERATE_INFOPLIST_FILE = NO;
				INFOPLIST_FILE = KyohoranguageHost/Info.plist;
				INFOPLIST_KEY_CFBundleDisplayName = "協豊ランゲージ";
				INFOPLIST_KEY_UIApplicationSupportsIndirectInputEvents = YES;
				LD_RUNPATH_SEARCH_PATHS = (
					"$(inherited)",
					"@executable_path/Frameworks",
				);
				MARKETING_VERSION = 1.0;
				PRODUCT_BUNDLE_IDENTIFIER = jp.kyohoranguage.app;
				PRODUCT_NAME = "$(TARGET_NAME)";
				SUPPORTED_PLATFORMS = "iphoneos iphonesimulator";
				SUPPORTS_MACCATALYST = NO;
				SWIFT_EMIT_LOC_STRINGS = YES;
				TARGETED_DEVICE_FAMILY = "1,2";
			};
			name = Release;
		};
		AE0000000000000000000005 /* Debug */ = {
			isa = XCBuildConfiguration;
			buildSettings = {
				CODE_SIGN_ENTITLEMENTS = KyohoranguageKeyboardExt/KyohoranguageKeyboardExt.entitlements;
				CODE_SIGN_STYLE = Automatic;
				CURRENT_PROJECT_VERSION = 1;
				DEVELOPMENT_TEAM = "";
				GENERATE_INFOPLIST_FILE = NO;
				INFOPLIST_FILE = KyohoranguageKeyboardExt/Info.plist;
				INFOPLIST_KEY_CFBundleDisplayName = "協豊ランゲージ";
				LD_RUNPATH_SEARCH_PATHS = (
					"$(inherited)",
					"@executable_path/Frameworks",
					"@executable_path/../../Frameworks",
				);
				MARKETING_VERSION = 1.0;
				PRODUCT_BUNDLE_IDENTIFIER = jp.kyohoranguage.app.keyboard;
				PRODUCT_NAME = "$(TARGET_NAME)";
				SKIP_INSTALL = YES;
				SUPPORTED_PLATFORMS = "iphoneos iphonesimulator";
				SUPPORTS_MACCATALYST = NO;
				SWIFT_EMIT_LOC_STRINGS = YES;
				TARGETED_DEVICE_FAMILY = "1,2";
			};
			name = Debug;
		};
		AE0000000000000000000006 /* Release */ = {
			isa = XCBuildConfiguration;
			buildSettings = {
				CODE_SIGN_ENTITLEMENTS = KyohoranguageKeyboardExt/KyohoranguageKeyboardExt.entitlements;
				CODE_SIGN_STYLE = Automatic;
				CURRENT_PROJECT_VERSION = 1;
				DEVELOPMENT_TEAM = "";
				GENERATE_INFOPLIST_FILE = NO;
				INFOPLIST_FILE = KyohoranguageKeyboardExt/Info.plist;
				INFOPLIST_KEY_CFBundleDisplayName = "協豊ランゲージ";
				LD_RUNPATH_SEARCH_PATHS = (
					"$(inherited)",
					"@executable_path/Frameworks",
					"@executable_path/../../Frameworks",
				);
				MARKETING_VERSION = 1.0;
				PRODUCT_BUNDLE_IDENTIFIER = jp.kyohoranguage.app.keyboard;
				PRODUCT_NAME = "$(TARGET_NAME)";
				SKIP_INSTALL = YES;
				SUPPORTED_PLATFORMS = "iphoneos iphonesimulator";
				SUPPORTS_MACCATALYST = NO;
				SWIFT_EMIT_LOC_STRINGS = YES;
				TARGETED_DEVICE_FAMILY = "1,2";
			};
			name = Release;
		};
/* End XCBuildConfiguration section */

/* Begin XCConfigurationList section */
		AA0000000000000000000001 /* Build configuration list for PBXNativeTarget "KyohoranguageHost" */ = {
			isa = XCConfigurationList;
			buildConfigurations = (
				AE0000000000000000000003 /* Debug */,
				AE0000000000000000000004 /* Release */,
			);
			defaultConfigurationIsVisible = 0;
			defaultConfigurationName = Release;
		};
		AA0000000000000000000002 /* Build configuration list for PBXNativeTarget "KyohoranguageKeyboardExt" */ = {
			isa = XCConfigurationList;
			buildConfigurations = (
				AE0000000000000000000005 /* Debug */,
				AE0000000000000000000006 /* Release */,
			);
			defaultConfigurationIsVisible = 0;
			defaultConfigurationName = Release;
		};
		AA0000000000000000000003 /* Build configuration list for PBXProject "KyohoranguageKeyboard" */ = {
			isa = XCConfigurationList;
			buildConfigurations = (
				AE0000000000000000000001 /* Debug */,
				AE0000000000000000000002 /* Release */,
			);
			defaultConfigurationIsVisible = 0;
			defaultConfigurationName = Release;
		};
/* End XCConfigurationList section */
	};
	rootObject = A50000000000000000000001 /* Project object */;
}
